
Microsoft Visual Studio Solution File, Format Version 12.00
# Visual Studio 15
VisualStudioVersion = 15.0.27428.2037
MinimumVisualStudioVersion = 10.0.40219.1
Project("{FAE04EC0-301F-11D3-BF4B-00C04F79EFBC}") = "Memories.Android", "Memories\Memories.Android\Memories.Android.csproj", "{5B2D8538-0A14-4708-AD43-C7D53B834E52}"
EndProject
Project("{FAE04EC0-301F-11D3-BF4B-00C04F79EFBC}") = "Memories.iOS", "Memories\Memories.iOS\Memories.iOS.csproj", "{84975056-7DC4-4A0E-8E44-21C7DA5F0437}"
EndProject
Project("{FAE04EC0-301F-11D3-BF4B-00C04F79EFBC}") = "Memories.UWP", "Memories\Memories.UWP\Memories.UWP.csproj", "{B392C065-E2ED-49C8-94B7-DAE4C6AA979D}"
EndProject
Project("{FAE04EC0-301F-11D3-BF4B-00C04F79EFBC}") = "Memories", "Memories\Memories\Memories.csproj", "{EE2F882F-1C7B-47EF-AE29-C5097746BFB5}"
EndProject
Global
	GlobalSection(SolutionConfigurationPlatforms) = preSolution
		Ad-Hoc|Any CPU = Ad-Hoc|Any CPU
		Ad-Hoc|ARM = Ad-Hoc|ARM
		Ad-Hoc|iPhone = Ad-Hoc|iPhone
		Ad-Hoc|iPhoneSimulator = Ad-Hoc|iPhoneSimulator
		Ad-Hoc|x64 = Ad-Hoc|x64
		Ad-Hoc|x86 = Ad-Hoc|x86
		AppStore|Any CPU = AppStore|Any CPU
		AppStore|ARM = AppStore|ARM
		AppStore|iPhone = AppStore|iPhone
		AppStore|iPhoneSimulator = AppStore|iPhoneSimulator
		AppStore|x64 = AppStore|x64
		AppStore|x86 = AppStore|x86
		Debug|Any CPU = Debug|Any CPU
		Debug|ARM = Debug|ARM
		Debug|iPhone = Debug|iPhone
		Debug|iPhoneSimulator = Debug|iPhoneSimulator
		Debug|x64 = Debug|x64
		Debug|x86 = Debug|x86
		Release|Any CPU = Release|Any CPU
		Release|ARM = Release|ARM
		Release|iPhone = Release|iPhone
		Release|iPhoneSimulator = Release|iPhoneSimulator
		Release|x64 = Release|x64
		Release|x86 = Release|x86
	EndGlobalSection
	GlobalSection(ProjectConfigurationPlatforms) = postSolution
		{5B2D8538-0A14-4708-AD43-C7D53B834E52}.Ad-Hoc|Any CPU.ActiveCfg = Release|Any CPU
		{5B2D8538-0A14-4708-AD43-C7D53B834E52}.Ad-Hoc|Any CPU.Build.0 = Release|Any CPU
		{5B2D8538-0A14-4708-AD43-C7D53B834E52}.Ad-Hoc|Any CPU.Deploy.0 = Release|Any CPU
		{5B2D8538-0A14-4708-AD43-C7D53B834E52}.Ad-Hoc|ARM.ActiveCfg = Release|Any CPU
		{5B2D8538-0A14-4708-AD43-C7D53B834E52}.Ad-Hoc|ARM.Build.0 = Release|Any CPU
		{5B2D8538-0A14-4708-AD43-C7D53B834E52}.Ad-Hoc|ARM.Deploy.0 = Release|Any CPU
		{5B2D8538-0A14-4708-AD43-C7D53B834E52}.Ad-Hoc|iPhone.ActiveCfg = Release|Any CPU
		{5B2D8538-0A14-4708-AD43-C7D53B834E52}.Ad-Hoc|iPhone.Build.0 = Release|Any CPU
		{5B2D8538-0A14-4708-AD43-C7D53B834E52}.Ad-Hoc|iPhone.Deploy.0 = Release|Any CPU
		{5B2D8538-0A14-4708-AD43-C7D53B834E52}.Ad-Hoc|iPhoneSimulator.ActiveCfg = Release|Any CPU
		{5B2D8538-0A14-4708-AD43-C7D53B834E52}.Ad-Hoc|iPhoneSimulator.Build.0 = Release|Any CPU
		{5B2D8538-0A14-4708-AD43-C7D53B834E52}.Ad-Hoc|iPhoneSimulator.Deploy.0 = Release|Any CPU
		{5B2D8538-0A14-4708-AD43-C7D53B834E52}.Ad-Hoc|x64.ActiveCfg = Release|Any CPU
		{5B2D8538-0A14-4708-AD43-C7D53B834E52}.Ad-Hoc|x64.Build.0 = Release|Any CPU
		{5B2D8538-0A14-4708-AD43-C7D53B834E52}.Ad-Hoc|x64.Deploy.0 = Release|Any CPU
		{5B2D8538-0A14-4708-AD43-C7D53B834E52}.Ad-Hoc|x86.ActiveCfg = Release|Any CPU
		{5B2D8538-0A14-4708-AD43-C7D53B834E52}.Ad-Hoc|x86.Build.0 = Release|Any CPU
		{5B2D8538-0A14-4708-AD43-C7D53B834E52}.Ad-Hoc|x86.Deploy.0 = Release|Any CPU
		{5B2D8538-0A14-4708-AD43-C7D53B834E52}.AppStore|Any CPU.ActiveCfg = Release|Any CPU
		{5B2D8538-0A14-4708-AD43-C7D53B834E52}.AppStore|Any CPU.Build.0 = Release|Any CPU
		{5B2D8538-0A14-4708-AD43-C7D53B834E52}.AppStore|Any CPU.Deploy.0 = Release|Any CPU
		{5B2D8538-0A14-4708-AD43-C7D53B834E52}.AppStore|ARM.ActiveCfg = Release|Any CPU
		{5B2D8538-0A14-4708-AD43-C7D53B834E52}.AppStore|ARM.Build.0 = Release|Any CPU
		{5B2D8538-0A14-4708-AD43-C7D53B834E52}.AppStore|ARM.Deploy.0 = Release|Any CPU
		{5B2D8538-0A14-4708-AD43-C7D53B834E52}.AppStore|iPhone.ActiveCfg = Release|Any CPU
		{5B2D8538-0A14-4708-AD43-C7D53B834E52}.AppStore|iPhone.Build.0 = Release|Any CPU
		{5B2D8538-0A14-4708-AD43-C7D53B834E52}.AppStore|iPhone.Deploy.0 = Release|Any CPU
		{5B2D8538-0A14-4708-AD43-C7D53B834E52}.AppStore|iPhoneSimulator.ActiveCfg = Release|Any CPU
		{5B2D8538-0A14-4708-AD43-C7D53B834E52}.AppStore|iPhoneSimulator.Build.0 = Release|Any CPU
		{5B2D8538-0A14-4708-AD43-C7D53B834E52}.AppStore|iPhoneSimulator.Deploy.0 = Release|Any CPU
		{5B2D8538-0A14-4708-AD43-C7D53B834E52}.AppStore|x64.ActiveCfg = Release|Any CPU
		{5B2D8538-0A14-4708-AD43-C7D53B834E52}.AppStore|x64.Build.0 = Release|Any CPU
		{5B2D8538-0A14-4708-AD43-C7D53B834E52}.AppStore|x64.Deploy.0 = Release|Any CPU
		{5B2D8538-0A14-4708-AD43-C7D53B834E52}.AppStore|x86.ActiveCfg = Release|Any CPU
		{5B2D8538-0A14-4708-AD43-C7D53B834E52}.AppStore|x86.Build.0 = Release|Any CPU
		{5B2D8538-0A14-4708-AD43-C7D53B834E52}.AppStore|x86.Deploy.0 = Release|Any CPU
		{5B2D8538-0A14-4708-AD43-C7D53B834E52}.Debug|Any CPU.ActiveCfg = Debug|Any CPU
		{5B2D8538-0A14-4708-AD43-C7D53B834E52}.Debug|Any CPU.Build.0 = Debug|Any CPU
		{5B2D8538-0A14-4708-AD43-C7D53B834E52}.Debug|Any CPU.Deploy.0 = Debug|Any CPU
		{5B2D8538-0A14-4708-AD43-C7D53B834E52}.Debug|ARM.ActiveCfg = Debug|Any CPU
		{5B2D8538-0A14-4708-AD43-C7D53B834E52}.Debug|ARM.Build.0 = Debug|Any CPU
		{5B2D8538-0A14-4708-AD43-C7D53B834E52}.Debug|ARM.Deploy.0 = Debug|Any CPU
		{5B2D8538-0A14-4708-AD43-C7D53B834E52}.Debug|iPhone.ActiveCfg = Debug|Any CPU
		{5B2D8538-0A14-4708-AD43-C7D53B834E52}.Debug|iPhone.Build.0 = Debug|Any CPU
		{5B2D8538-0A14-4708-AD43-C7D53B834E52}.Debug|iPhone.Deploy.0 = Debug|Any CPU
		{5B2D8538-0A14-4708-AD43-C7D53B834E52}.Debug|iPhoneSimulator.ActiveCfg = Debug|Any CPU
		{5B2D8538-0A14-4708-AD43-C7D53B834E52}.Debug|iPhoneSimulator.Build.0 = Debug|Any CPU
		{5B2D8538-0A14-4708-AD43-C7D53B834E52}.Debug|iPhoneSimulator.Deploy.0 = Debug|Any CPU
		{5B2D8538-0A14-4708-AD43-C7D53B834E52}.Debug|x64.ActiveCfg = Debug|Any CPU
		{5B2D8538-0A14-4708-AD43-C7D53B834E52}.Debug|x64.Build.0 = Debug|Any CPU
		{5B2D8538-0A14-4708-AD43-C7D53B834E52}.Debug|x64.Deploy.0 = Debug|Any CPU
		{5B2D8538-0A14-4708-AD43-C7D53B834E52}.Debug|x86.ActiveCfg = Debug|Any CPU
		{5B2D8538-0A14-4708-AD43-C7D53B834E52}.Debug|x86.Build.0 = Debug|Any CPU
		{5B2D8538-0A14-4708-AD43-C7D53B834E52}.Debug|x86.Deploy.0 = Debug|Any CPU
		{5B2D8538-0A14-4708-AD43-C7D53B834E52}.Release|Any CPU.ActiveCfg = Release|Any CPU
		{5B2D8538-0A14-4708-AD43-C7D53B834E52}.Release|Any CPU.Build.0 = Release|Any CPU
		{5B2D8538-0A14-4708-AD43-C7D53B834E52}.Release|Any CPU.Deploy.0 = Release|Any CPU
		{5B2D8538-0A14-4708-AD43-C7D53B834E52}.Release|ARM.ActiveCfg = Release|Any CPU
		{5B2D8538-0A14-4708-AD43-C7D53B834E52}.Release|ARM.Build.0 = Release|Any CPU
		{5B2D8538-0A14-4708-AD43-C7D53B834E52}.Release|ARM.Deploy.0 = Release|Any CPU
		{5B2D8538-0A14-4708-AD43-C7D53B834E52}.Release|iPhone.ActiveCfg = Release|Any CPU
		{5B2D8538-0A14-4708-AD43-C7D53B834E52}.Release|iPhone.Build.0 = Release|Any CPU
		{5B2D8538-0A14-4708-AD43-C7D53B834E52}.Release|iPhone.Deploy.0 = Release|Any CPU
		{5B2D8538-0A14-4708-AD43-C7D53B834E52}.Release|iPhoneSimulator.ActiveCfg = Release|Any CPU
		{5B2D8538-0A14-4708-AD43-C7D53B834E52}.Release|iPhoneSimulator.Build.0 = Release|Any CPU
		{5B2D8538-0A14-4708-AD43-C7D53B834E52}.Release|iPhoneSimulator.Deploy.0 = Release|Any CPU
		{5B2D8538-0A14-4708-AD43-C7D53B834E52}.Release|x64.ActiveCfg = Release|Any CPU
		{5B2D8538-0A14-4708-AD43-C7D53B834E52}.Release|x64.Build.0 = Release|Any CPU
		{5B2D8538-0A14-4708-AD43-C7D53B834E52}.Release|x64.Deploy.0 = Release|Any CPU
		{5B2D8538-0A14-4708-AD43-C7D53B834E52}.Release|x86.ActiveCfg = Release|Any CPU
		{5B2D8538-0A14-4708-AD43-C7D53B834E52}.Release|x86.Build.0 = Release|Any CPU
		{5B2D8538-0A14-4708-AD43-C7D53B834E52}.Release|x86.Deploy.0 = Release|Any CPU
		{84975056-7DC4-4A0E-8E44-21C7DA5F0437}.Ad-Hoc|Any CPU.ActiveCfg = Ad-Hoc|iPhone
		{84975056-7DC4-4A0E-8E44-21C7DA5F0437}.Ad-Hoc|ARM.ActiveCfg = Ad-Hoc|iPhone
		{84975056-7DC4-4A0E-8E44-21C7DA5F0437}.Ad-Hoc|iPhone.ActiveCfg = Ad-Hoc|iPhone
		{84975056-7DC4-4A0E-8E44-21C7DA5F0437}.Ad-Hoc|iPhone.Build.0 = Ad-Hoc|iPhone
		{84975056-7DC4-4A0E-8E44-21C7DA5F0437}.Ad-Hoc|iPhoneSimulator.ActiveCfg = Ad-Hoc|iPhoneSimulator
		{84975056-7DC4-4A0E-8E44-21C7DA5F0437}.Ad-Hoc|iPhoneSimulator.Build.0 = Ad-Hoc|iPhoneSimulator
		{84975056-7DC4-4A0E-8E44-21C7DA5F0437}.Ad-Hoc|x64.ActiveCfg = Ad-Hoc|iPhone
		{84975056-7DC4-4A0E-8E44-21C7DA5F0437}.Ad-Hoc|x86.ActiveCfg = Ad-Hoc|iPhone
		{84975056-7DC4-4A0E-8E44-21C7DA5F0437}.AppStore|Any CPU.ActiveCfg = AppStore|iPhone
		{84975056-7DC4-4A0E-8E44-21C7DA5F0437}.AppStore|ARM.ActiveCfg = AppStore|iPhone
		{84975056-7DC4-4A0E-8E44-21C7DA5F0437}.AppStore|iPhone.ActiveCfg = AppStore|iPhone
		{84975056-7DC4-4A0E-8E44-21C7DA5F0437}.AppStore|iPhone.Build.0 = AppStore|iPhone
		{84975056-7DC4-4A0E-8E44-21C7DA5F0437}.AppStore|iPhoneSimulator.ActiveCfg = AppStore|iPhoneSimulator
		{84975056-7DC4-4A0E-8E44-21C7DA5F0437}.AppStore|iPhoneSimulator.Build.0 = AppStore|iPhoneSimulator
		{84975056-7DC4-4A0E-8E44-21C7DA5F0437}.AppStore|x64.ActiveCfg = AppStore|iPhone
		{84975056-7DC4-4A0E-8E44-21C7DA5F0437}.AppStore|x86.ActiveCfg = AppStore|iPhone
		{84975056-7DC4-4A0E-8E44-21C7DA5F0437}.Debug|Any CPU.ActiveCfg = Debug|iPhone
		{84975056-7DC4-4A0E-8E44-21C7DA5F0437}.Debug|ARM.ActiveCfg = Debug|iPhone
		{84975056-7DC4-4A0E-8E44-21C7DA5F0437}.Debug|iPhone.ActiveCfg = Debug|iPhone
		{84975056-7DC4-4A0E-8E44-21C7DA5F0437}.Debug|iPhone.Build.0 = Debug|iPhone
		{84975056-7DC4-4A0E-8E44-21C7DA5F0437}.Debug|iPhoneSimulator.ActiveCfg = Debug|iPhoneSimulator
		{84975056-7DC4-4A0E-8E44-21C7DA5F0437}.Debug|iPhoneSimulator.Build.0 = Debug|iPhoneSimulator
		{84975056-7DC4-4A0E-8E44-21C7DA5F0437}.Debug|x64.ActiveCfg = Debug|iPhone
		{84975056-7DC4-4A0E-8E44-21C7DA5F0437}.Debug|x86.ActiveCfg = Debug|iPhone
		{84975056-7DC4-4A0E-8E44-21C7DA5F0437}.Release|Any CPU.ActiveCfg = Release|iPhone
		{84975056-7DC4-4A0E-8E44-21C7DA5F0437}.Release|ARM.ActiveCfg = Release|iPhone
		{84975056-7DC4-4A0E-8E44-21C7DA5F0437}.Release|iPhone.ActiveCfg = Release|iPhone
		{84975056-7DC4-4A0E-8E44-21C7DA5F0437}.Release|iPhone.Build.0 = Release|iPhone
		{84975056-7DC4-4A0E-8E44-21C7DA5F0437}.Release|iPhoneSimulator.ActiveCfg = Release|iPhoneSimulator
		{84975056-7DC4-4A0E-8E44-21C7DA5F0437}.Release|iPhoneSimulator.Build.0 = Release|iPhoneSimulator
		{84975056-7DC4-4A0E-8E44-21C7DA5F0437}.Release|x64.ActiveCfg = Release|iPhone
		{84975056-7DC4-4A0E-8E44-21C7DA5F0437}.Release|x86.ActiveCfg = Release|iPhone
		{B392C065-E2ED-49C8-94B7-DAE4C6AA979D}.Ad-Hoc|Any CPU.ActiveCfg = Release|x86
		{B392C065-E2ED-49C8-94B7-DAE4C6AA979D}.Ad-Hoc|Any CPU.Build.0 = Release|x86
		{B392C065-E2ED-49C8-94B7-DAE4C6AA979D}.Ad-Hoc|Any CPU.Deploy.0 = Release|x86
		{B392C065-E2ED-49C8-94B7-DAE4C6AA979D}.Ad-Hoc|ARM.ActiveCfg = Release|ARM
		{B392C065-E2ED-49C8-94B7-DAE4C6AA979D}.Ad-Hoc|ARM.Build.0 = Release|ARM
		{B392C065-E2ED-49C8-94B7-DAE4C6AA979D}.Ad-Hoc|ARM.Deploy.0 = Release|ARM
		{B392C065-E2ED-49C8-94B7-DAE4C6AA979D}.Ad-Hoc|iPhone.ActiveCfg = Release|x86
		{B392C065-E2ED-49C8-94B7-DAE4C6AA979D}.Ad-Hoc|iPhone.Build.0 = Release|x86
		{B392C065-E2ED-49C8-94B7-DAE4C6AA979D}.Ad-Hoc|iPhone.Deploy.0 = Release|x86
		{B392C065-E2ED-49C8-94B7-DAE4C6AA979D}.Ad-Hoc|iPhoneSimulator.ActiveCfg = Release|x86
		{B392C065-E2ED-49C8-94B7-DAE4C6AA979D}.Ad-Hoc|iPhoneSimulator.Build.0 = Release|x86
		{B392C065-E2ED-49C8-94B7-DAE4C6AA979D}.Ad-Hoc|iPhoneSimulator.Deploy.0 = Release|x86
		{B392C065-E2ED-49C8-94B7-DAE4C6AA979D}.Ad-Hoc|x64.ActiveCfg = Release|x64
		{B392C065-E2ED-49C8-94B7-DAE4C6AA979D}.Ad-Hoc|x64.Build.0 = Release|x64
		{B392C065-E2ED-49C8-94B7-DAE4C6AA979D}.Ad-Hoc|x64.Deploy.0 = Release|x64
		{B392C065-E2ED-49C8-94B7-DAE4C6AA979D}.Ad-Hoc|x86.ActiveCfg = Release|x86
		{B392C065-E2ED-49C8-94B7-DAE4C6AA979D}.Ad-Hoc|x86.Build.0 = Release|x86
		{B392C065-E2ED-49C8-94B7-DAE4C6AA979D}.Ad-Hoc|x86.Deploy.0 = Release|x86
		{B392C065-E2ED-49C8-94B7-DAE4C6AA979D}.AppStore|Any CPU.ActiveCfg = Release|x86
		{B392C065-E2ED-49C8-94B7-DAE4C6AA979D}.AppStore|Any CPU.Build.0 = Release|x86
		{B392C065-E2ED-49C8-94B7-DAE4C6AA979D}.AppStore|Any CPU.Deploy.0 = Release|x86
		{B392C065-E2ED-49C8-94B7-DAE4C6AA979D}.AppStore|ARM.ActiveCfg = Release|ARM
		{B392C065-E2ED-49C8-94B7-DAE4C6AA979D}.AppStore|ARM.Build.0 = Release|ARM
		{B392C065-E2ED-49C8-94B7-DAE4C6AA979D}.AppStore|ARM.Deploy.0 = Release|ARM
		{B392C065-E2ED-49C8-94B7-DAE4C6AA979D}.AppStore|iPhone.ActiveCfg = Release|x86
		{B392C065-E2ED-49C8-94B7-DAE4C6AA979D}.AppStore|iPhone.Build.0 = Release|x86
		{B392C065-E2ED-49C8-94B7-DAE4C6AA979D}.AppStore|iPhone.Deploy.0 = Release|x86
		{B392C065-E2ED-49C8-94B7-DAE4C6AA979D}.AppStore|iPhoneSimulator.ActiveCfg = Release|x86
		{B392C065-E2ED-49C8-94B7-DAE4C6AA979D}.AppStore|iPhoneSimulator.Build.0 = Release|x86
		{B392C065-E2ED-49C8-94B7-DAE4C6AA979D}.AppStore|iPhoneSimulator.Deploy.0 = Release|x86
		{B392C065-E2ED-49C8-94B7-DAE4C6AA979D}.AppStore|x64.ActiveCfg = Release|x64
		{B392C065-E2ED-49C8-94B7-DAE4C6AA979D}.AppStore|x64.Build.0 = Release|x64
		{B392C065-E2ED-49C8-94B7-DAE4C6AA979D}.AppStore|x64.Deploy.0 = Release|x64
		{B392C065-E2ED-49C8-94B7-DAE4C6AA979D}.AppStore|x86.ActiveCfg = Release|x86
		{B392C065-E2ED-49C8-94B7-DAE4C6AA979D}.AppStore|x86.Build.0 = Release|x86
		{B392C065-E2ED-49C8-94B7-DAE4C6AA979D}.AppStore|x86.Deploy.0 = Release|x86
		{B392C065-E2ED-49C8-94B7-DAE4C6AA979D}.Debug|Any CPU.ActiveCfg = Debug|x86
		{B392C065-E2ED-49C8-94B7-DAE4C6AA979D}.Debug|ARM.ActiveCfg = Debug|ARM
		{B392C065-E2ED-49C8-94B7-DAE4C6AA979D}.Debug|ARM.Build.0 = Debug|ARM
		{B392C065-E2ED-49C8-94B7-DAE4C6AA979D}.Debug|ARM.Deploy.0 = Debug|ARM
		{B392C065-E2ED-49C8-94B7-DAE4C6AA979D}.Debug|iPhone.ActiveCfg = Debug|x86
		{B392C065-E2ED-49C8-94B7-DAE4C6AA979D}.Debug|iPhoneSimulator.ActiveCfg = Debug|x86
		{B392C065-E2ED-49C8-94B7-DAE4C6AA979D}.Debug|x64.ActiveCfg = Debug|x64
		{B392C065-E2ED-49C8-94B7-DAE4C6AA979D}.Debug|x64.Build.0 = Debug|x64
		{B392C065-E2ED-49C8-94B7-DAE4C6AA979D}.Debug|x64.Deploy.0 = Debug|x64
		{B392C065-E2ED-49C8-94B7-DAE4C6AA979D}.Debug|x86.ActiveCfg = Debug|x86
		{B392C065-E2ED-49C8-94B7-DAE4C6AA979D}.Debug|x86.Build.0 = Debug|x86
		{B392C065-E2ED-49C8-94B7-DAE4C6AA979D}.Debug|x86.Deploy.0 = Debug|x86
		{B392C065-E2ED-49C8-94B7-DAE4C6AA979D}.Release|Any CPU.ActiveCfg = Release|x86
		{B392C065-E2ED-49C8-94B7-DAE4C6AA979D}.Release|ARM.ActiveCfg = Release|ARM
		{B392C065-E2ED-49C8-94B7-DAE4C6AA979D}.Release|ARM.Build.0 = Release|ARM
		{B392C065-E2ED-49C8-94B7-DAE4C6AA979D}.Release|ARM.Deploy.0 = Release|ARM
		{B392C065-E2ED-49C8-94B7-DAE4C6AA979D}.Release|iPhone.ActiveCfg = Release|x86
		{B392C065-E2ED-49C8-94B7-DAE4C6AA979D}.Release|iPhoneSimulator.ActiveCfg = Release|x86
		{B392C065-E2ED-49C8-94B7-DAE4C6AA979D}.Release|x64.ActiveCfg = Release|x64
		{B392C065-E2ED-49C8-94B7-DAE4C6AA979D}.Release|x64.Build.0 = Release|x64
		{B392C065-E2ED-49C8-94B7-DAE4C6AA979D}.Release|x64.Deploy.0 = Release|x64
		{B392C065-E2ED-49C8-94B7-DAE4C6AA979D}.Release|x86.ActiveCfg = Release|x86
		{B392C065-E2ED-49C8-94B7-DAE4C6AA979D}.Release|x86.Build.0 = Release|x86
		{B392C065-E2ED-49C8-94B7-DAE4C6AA979D}.Release|x86.Deploy.0 = Release|x86
		{EE2F882F-1C7B-47EF-AE29-C5097746BFB5}.Ad-Hoc|Any CPU.ActiveCfg = Debug|Any CPU
		{EE2F882F-1C7B-47EF-AE29-C5097746BFB5}.Ad-Hoc|Any CPU.Build.0 = Debug|Any CPU
		{EE2F882F-1C7B-47EF-AE29-C5097746BFB5}.Ad-Hoc|ARM.ActiveCfg = Debug|Any CPU
		{EE2F882F-1C7B-47EF-AE29-C5097746BFB5}.Ad-Hoc|ARM.Build.0 = Debug|Any CPU
		{EE2F882F-1C7B-47EF-AE29-C5097746BFB5}.Ad-Hoc|iPhone.ActiveCfg = Debug|Any CPU
		{EE2F882F-1C7B-47EF-AE29-C5097746BFB5}.Ad-Hoc|iPhone.Build.0 = Debug|Any CPU
		{EE2F882F-1C7B-47EF-AE29-C5097746BFB5}.Ad-Hoc|iPhoneSimulator.ActiveCfg = Debug|Any CPU
		{EE2F882F-1C7B-47EF-AE29-C5097746BFB5}.Ad-Hoc|iPhoneSimulator.Build.0 = Debug|Any CPU
		{EE2F882F-1C7B-47EF-AE29-C5097746BFB5}.Ad-Hoc|x64.ActiveCfg = Debug|Any CPU
		{EE2F882F-1C7B-47EF-AE29-C5097746BFB5}.Ad-Hoc|x64.Build.0 = Debug|Any CPU
		{EE2F882F-1C7B-47EF-AE29-C5097746BFB5}.Ad-Hoc|x86.ActiveCfg = Debug|Any CPU
		{EE2F882F-1C7B-47EF-AE29-C5097746BFB5}.Ad-Hoc|x86.Build.0 = Debug|Any CPU
		{EE2F882F-1C7B-47EF-AE29-C5097746BFB5}.AppStore|Any CPU.ActiveCfg = Debug|Any CPU
		{EE2F882F-1C7B-47EF-AE29-C5097746BFB5}.AppStore|Any CPU.Build.0 = Debug|Any CPU
		{EE2F882F-1C7B-47EF-AE29-C5097746BFB5}.AppStore|ARM.ActiveCfg = Debug|Any CPU
		{EE2F882F-1C7B-47EF-AE29-C5097746BFB5}.AppStore|ARM.Build.0 = Debug|Any CPU
		{EE2F882F-1C7B-47EF-AE29-C5097746BFB5}.AppStore|iPhone.ActiveCfg = Debug|Any CPU
		{EE2F882F-1C7B-47EF-AE29-C5097746BFB5}.AppStore|iPhone.Build.0 = Debug|Any CPU
		{EE2F882F-1C7B-47EF-AE29-C5097746BFB5}.AppStore|iPhoneSimulator.ActiveCfg = Debug|Any CPU
		{EE2F882F-1C7B-47EF-AE29-C5097746BFB5}.AppStore|iPhoneSimulator.Build.0 = Debug|Any CPU
		{EE2F882F-1C7B-47EF-AE29-C5097746BFB5}.AppStore|x64.ActiveCfg = Debug|Any CPU
		{EE2F882F-1C7B-47EF-AE29-C5097746BFB5}.AppStore|x64.Build.0 = Debug|Any CPU
		{EE2F882F-1C7B-47EF-AE29-C5097746BFB5}.AppStore|x86.ActiveCfg = Debug|Any CPU
		{EE2F882F-1C7B-47EF-AE29-C5097746BFB5}.AppStore|x86.Build.0 = Debug|Any CPU
		{EE2F882F-1C7B-47EF-AE29-C5097746BFB5}.Debug|Any CPU.ActiveCfg = Debug|Any CPU
		{EE2F882F-1C7B-47EF-AE29-C5097746BFB5}.Debug|Any CPU.Build.0 = Debug|Any CPU
		{EE2F882F-1C7B-47EF-AE29-C5097746BFB5}.Debug|ARM.ActiveCfg = Debug|Any CPU
		{EE2F882F-1C7B-47EF-AE29-C5097746BFB5}.Debug|ARM.Build.0 = Debug|Any CPU
		{EE2F882F-1C7B-47EF-AE29-C5097746BFB5}.Debug|iPhone.ActiveCfg = Debug|Any CPU
		{EE2F882F-1C7B-47EF-AE29-C5097746BFB5}.Debug|iPhone.Build.0 = Debug|Any CPU
		{EE2F882F-1C7B-47EF-AE29-C5097746BFB5}.Debug|iPhoneSimulator.ActiveCfg = Debug|Any CPU
		{EE2F882F-1C7B-47EF-AE29-C5097746BFB5}.Debug|iPhoneSimulator.Build.0 = Debug|Any CPU
		{EE2F882F-1C7B-47EF-AE29-C5097746BFB5}.Debug|x64.ActiveCfg = Debug|Any CPU
		{EE2F882F-1C7B-47EF-AE29-C5097746BFB5}.Debug|x64.Build.0 = Debug|Any CPU
		{EE2F882F-1C7B-47EF-AE29-C5097746BFB5}.Debug|x86.ActiveCfg = Debug|Any CPU
		{EE2F882F-1C7B-47EF-AE29-C5097746BFB5}.Debug|x86.Build.0 = Debug|Any CPU
		{EE2F882F-1C7B-47EF-AE29-C5097746BFB5}.Release|Any CPU.ActiveCfg = Release|Any CPU
		{EE2F882F-1C7B-47EF-AE29-C5097746BFB5}.Release|Any CPU.Build.0 = Release|Any CPU
		{EE2F882F-1C7B-47EF-AE29-C5097746BFB5}.Release|ARM.ActiveCfg = Release|Any CPU
		{EE2F882F-1C7B-47EF-AE29-C5097746BFB5}.Release|ARM.Build.0 = Release|Any CPU
		{EE2F882F-1C7B-47EF-AE29-C5097746BFB5}.Release|iPhone.ActiveCfg = Release|Any CPU
		{EE2F882F-1C7B-47EF-AE29-C5097746BFB5}.Release|iPhone.Build.0 = Release|Any CPU
		{EE2F882F-1C7B-47EF-AE29-C5097746BFB5}.Release|iPhoneSimulator.ActiveCfg = Release|Any CPU
		{EE2F882F-1C7B-47EF-AE29-C5097746BFB5}.Release|iPhoneSimulator.Build.0 = Release|Any CPU
		{EE2F882F-1C7B-47EF-AE29-C5097746BFB5}.Release|x64.ActiveCfg = Release|Any CPU
		{EE2F882F-1C7B-47EF-AE29-C5097746BFB5}.Release|x64.Build.0 = Release|Any CPU
		{EE2F882F-1C7B-47EF-AE29-C5097746BFB5}.Release|x86.ActiveCfg = Release|Any CPU
		{EE2F882F-1C7B-47EF-AE29-C5097746BFB5}.Release|x86.Build.0 = Release|Any CPU
	EndGlobalSection
	GlobalSection(SolutionProperties) = preSolution
		HideSolutionNode = FALSE
	EndGlobalSection
	GlobalSection(ExtensibilityGlobals) = postSolution
		SolutionGuid = {3413213C-BA68-4F86-90D8-A0F1D1DB20CC}
	EndGlobalSection
EndGlobal
